
Microsoft Visual Studio Solution File, Format Version 12.00
# Visual Studio 2012
Project("{FAE04EC0-301F-11D3-BF4B-00C04F79EFBC}") = "QuittungenAuswertung", "QuittungenAuswertung\QuittungenAuswertung.csproj", "{45CDD58C-9060-4E43-97D3-D78FA92C0891}"
EndProject
Global
	GlobalSection(TeamFoundationVersionControl) = preSolution
		SccNumberOfProjects = 2
		SccEnterpriseProvider = {4CA58AB2-18FA-4F8D-95D4-32DDF27D184C}
		SccTeamFoundationServer = https://eichlereducation.visualstudio.com/defaultcollection
		SccLocalPath0 = .
		SccProjectUniqueName1 = QuittungenAuswertung\\QuittungenAuswertung.csproj
		SccProjectName1 = QuittungenAuswertung
		SccLocalPath1 = QuittungenAuswertung
	EndGlobalSection
	GlobalSection(SolutionConfigurationPlatforms) = preSolution
		Debug|Any CPU = Debug|Any CPU
		Release|Any CPU = Release|Any CPU
	EndGlobalSection
	GlobalSection(ProjectConfigurationPlatforms) = postSolution
		{45CDD58C-9060-4E43-97D3-D78FA92C0891}.Debug|Any CPU.ActiveCfg = Debug|Any CPU
		{45CDD58C-9060-4E43-97D3-D78FA92C0891}.Debug|Any CPU.Build.0 = Debug|Any CPU
		{45CDD58C-9060-4E43-97D3-D78FA92C0891}.Release|Any CPU.ActiveCfg = Release|Any CPU
		{45CDD58C-9060-4E43-97D3-D78FA92C0891}.Release|Any CPU.Build.0 = Release|Any CPU
	EndGlobalSection
	GlobalSection(SolutionProperties) = preSolution
		HideSolutionNode = FALSE
	EndGlobalSection
EndGlobal
